
Microsoft Visual Studio Solution File, Format Version 12.00
# Visual Studio Version 16
VisualStudioVersion = 16.0.31410.357
MinimumVisualStudioVersion = 10.0.40219.1
Project("{FAE04EC0-301F-11D3-BF4B-00C04F79EFBC}") = "MyCSharpApp", "MyCSharpApp\MyCSharpApp.csproj", "{DECE9595-A756-4D42-8174-E8E3BFBD216A}"
EndProject
Global
	GlobalSection(SolutionConfigurationPlatforms) = preSolution
		Debug|Any CPU = Debug|Any CPU
		Release|Any CPU = Release|Any CPU
	EndGlobalSection
	GlobalSection(ProjectConfigurationPlatforms) = postSolution
		{DECE9595-A756-4D42-8174-E8E3BFBD216A}.Debug|Any CPU.ActiveCfg = Debug|Any CPU
		{DECE9595-A756-4D42-8174-E8E3BFBD216A}.Debug|Any CPU.Build.0 = Debug|Any CPU
		{DECE9595-A756-4D42-8174-E8E3BFBD216A}.Release|Any CPU.ActiveCfg = Release|Any CPU
		{DECE9595-A756-4D42-8174-E8E3BFBD216A}.Release|Any CPU.Build.0 = Release|Any CPU
	EndGlobalSection
	GlobalSection(SolutionProperties) = preSolution
		HideSolutionNode = FALSE
	EndGlobalSection
	GlobalSection(ExtensibilityGlobals) = postSolution
		SolutionGuid = {EE83FC79-2A47-4230-98AD-48F4972DAC4C}
	EndGlobalSection
EndGlobal
